
Microsoft Visual Studio Solution File, Format Version 12.00
# Visual Studio Version 17
VisualStudioVersion = 17.3.32929.385
MinimumVisualStudioVersion = 10.0.40219.1
Project("{FAE04EC0-301F-11D3-BF4B-00C04F79EFBC}") = "Entities", "Entities\Entities.csproj", "{CA85B2B6-9AB5-4B3F-AEBA-34C6342022AF}"
EndProject
Project("{FAE04EC0-301F-11D3-BF4B-00C04F79EFBC}") = "DataAccessLayer", "DataAccessLayer\DataAccessLayer.csproj", "{5FCE82C0-C4D7-40C3-BC05-01A8E7684068}"
EndProject
Project("{FAE04EC0-301F-11D3-BF4B-00C04F79EFBC}") = "Core", "Core\Core.csproj", "{725B3F1F-5A91-4FDC-A4A7-223C5EEE992C}"
EndProject
Project("{FAE04EC0-301F-11D3-BF4B-00C04F79EFBC}") = "Business", "Business\Business.csproj", "{C0B99AB3-2AAE-4965-8F10-954439E68FC2}"
EndProject
Project("{FAE04EC0-301F-11D3-BF4B-00C04F79EFBC}") = "MedicativeMVC", "MedicativeMVC\MedicativeMVC.csproj", "{2EA3DE66-6BE4-432B-875C-9A1271B99624}"
EndProject
Global
	GlobalSection(SolutionConfigurationPlatforms) = preSolution
		Debug|Any CPU = Debug|Any CPU
		Release|Any CPU = Release|Any CPU
	EndGlobalSection
	GlobalSection(ProjectConfigurationPlatforms) = postSolution
		{CA85B2B6-9AB5-4B3F-AEBA-34C6342022AF}.Debug|Any CPU.ActiveCfg = Debug|Any CPU
		{CA85B2B6-9AB5-4B3F-AEBA-34C6342022AF}.Debug|Any CPU.Build.0 = Debug|Any CPU
		{CA85B2B6-9AB5-4B3F-AEBA-34C6342022AF}.Release|Any CPU.ActiveCfg = Release|Any CPU
		{CA85B2B6-9AB5-4B3F-AEBA-34C6342022AF}.Release|Any CPU.Build.0 = Release|Any CPU
		{5FCE82C0-C4D7-40C3-BC05-01A8E7684068}.Debug|Any CPU.ActiveCfg = Debug|Any CPU
		{5FCE82C0-C4D7-40C3-BC05-01A8E7684068}.Debug|Any CPU.Build.0 = Debug|Any CPU
		{5FCE82C0-C4D7-40C3-BC05-01A8E7684068}.Release|Any CPU.ActiveCfg = Release|Any CPU
		{5FCE82C0-C4D7-40C3-BC05-01A8E7684068}.Release|Any CPU.Build.0 = Release|Any CPU
		{725B3F1F-5A91-4FDC-A4A7-223C5EEE992C}.Debug|Any CPU.ActiveCfg = Debug|Any CPU
		{725B3F1F-5A91-4FDC-A4A7-223C5EEE992C}.Debug|Any CPU.Build.0 = Debug|Any CPU
		{725B3F1F-5A91-4FDC-A4A7-223C5EEE992C}.Release|Any CPU.ActiveCfg = Release|Any CPU
		{725B3F1F-5A91-4FDC-A4A7-223C5EEE992C}.Release|Any CPU.Build.0 = Release|Any CPU
		{C0B99AB3-2AAE-4965-8F10-954439E68FC2}.Debug|Any CPU.ActiveCfg = Debug|Any CPU
		{C0B99AB3-2AAE-4965-8F10-954439E68FC2}.Debug|Any CPU.Build.0 = Debug|Any CPU
		{C0B99AB3-2AAE-4965-8F10-954439E68FC2}.Release|Any CPU.ActiveCfg = Release|Any CPU
		{C0B99AB3-2AAE-4965-8F10-954439E68FC2}.Release|Any CPU.Build.0 = Release|Any CPU
		{2EA3DE66-6BE4-432B-875C-9A1271B99624}.Debug|Any CPU.ActiveCfg = Debug|Any CPU
		{2EA3DE66-6BE4-432B-875C-9A1271B99624}.Debug|Any CPU.Build.0 = Debug|Any CPU
		{2EA3DE66-6BE4-432B-875C-9A1271B99624}.Release|Any CPU.ActiveCfg = Release|Any CPU
		{2EA3DE66-6BE4-432B-875C-9A1271B99624}.Release|Any CPU.Build.0 = Release|Any CPU
	EndGlobalSection
	GlobalSection(SolutionProperties) = preSolution
		HideSolutionNode = FALSE
	EndGlobalSection
	GlobalSection(ExtensibilityGlobals) = postSolution
		SolutionGuid = {76B90924-98DE-40D0-BE48-5A18D6D9437A}
	EndGlobalSection
EndGlobal
